
Microsoft Visual Studio Solution File, Format Version 12.00
# Visual Studio Version 16
VisualStudioVersion = 16.0.30413.136
MinimumVisualStudioVersion = 10.0.40219.1
Project("{FAE04EC0-301F-11D3-BF4B-00C04F79EFBC}") = "MIW4200_940", "MIW4200_940.csproj", "{5CDE5E4D-8DD8-4778-84EB-01BC0212D205}"
EndProject
Global
	GlobalSection(SolutionConfigurationPlatforms) = preSolution
		Debug|Any CPU = Debug|Any CPU
		Release|Any CPU = Release|Any CPU
	EndGlobalSection
	GlobalSection(ProjectConfigurationPlatforms) = postSolution
		{5CDE5E4D-8DD8-4778-84EB-01BC0212D205}.Debug|Any CPU.ActiveCfg = Debug|Any CPU
		{5CDE5E4D-8DD8-4778-84EB-01BC0212D205}.Debug|Any CPU.Build.0 = Debug|Any CPU
		{5CDE5E4D-8DD8-4778-84EB-01BC0212D205}.Release|Any CPU.ActiveCfg = Release|Any CPU
		{5CDE5E4D-8DD8-4778-84EB-01BC0212D205}.Release|Any CPU.Build.0 = Release|Any CPU
	EndGlobalSection
	GlobalSection(SolutionProperties) = preSolution
		HideSolutionNode = FALSE
	EndGlobalSection
	GlobalSection(ExtensibilityGlobals) = postSolution
		SolutionGuid = {518ED07B-0F46-45D7-B70C-9877471521EA}
	EndGlobalSection
EndGlobal
